
Microsoft Visual Studio Solution File, Format Version 12.00
# Visual Studio Version 17
VisualStudioVersion = 17.0.31903.59
MinimumVisualStudioVersion = 10.0.40219.1
Project("{2150E333-8FDC-42A3-9474-1A3956D46DE8}") = "src", "src", "{E14A9BE8-A1B6-472D-8476-2E376A94EF00}"
EndProject
Project("{FAE04EC0-301F-11D3-BF4B-00C04F79EFBC}") = "LogAnalysis.Api", "src\LogAnalysis.Api\LogAnalysis.Api.csproj", "{1CC26E80-B096-40D7-92FC-9F316BF1D54B}"
EndProject
Project("{FAE04EC0-301F-11D3-BF4B-00C04F79EFBC}") = "LogAnalysis.Core", "src\LogAnalysis.Core\LogAnalysis.Core.csproj", "{8B261E3A-1212-43CC-B685-28B96051953A}"
EndProject
Global
	GlobalSection(SolutionConfigurationPlatforms) = preSolution
		Debug|Any CPU = Debug|Any CPU
		Release|Any CPU = Release|Any CPU
	EndGlobalSection
	GlobalSection(SolutionProperties) = preSolution
		HideSolutionNode = FALSE
	EndGlobalSection
	GlobalSection(ProjectConfigurationPlatforms) = postSolution
		{1CC26E80-B096-40D7-92FC-9F316BF1D54B}.Debug|Any CPU.ActiveCfg = Debug|Any CPU
		{1CC26E80-B096-40D7-92FC-9F316BF1D54B}.Debug|Any CPU.Build.0 = Debug|Any CPU
		{1CC26E80-B096-40D7-92FC-9F316BF1D54B}.Release|Any CPU.ActiveCfg = Release|Any CPU
		{1CC26E80-B096-40D7-92FC-9F316BF1D54B}.Release|Any CPU.Build.0 = Release|Any CPU
		{8B261E3A-1212-43CC-B685-28B96051953A}.Debug|Any CPU.ActiveCfg = Debug|Any CPU
		{8B261E3A-1212-43CC-B685-28B96051953A}.Debug|Any CPU.Build.0 = Debug|Any CPU
		{8B261E3A-1212-43CC-B685-28B96051953A}.Release|Any CPU.ActiveCfg = Release|Any CPU
		{8B261E3A-1212-43CC-B685-28B96051953A}.Release|Any CPU.Build.0 = Release|Any CPU
	EndGlobalSection
	GlobalSection(NestedProjects) = preSolution
		{1CC26E80-B096-40D7-92FC-9F316BF1D54B} = {E14A9BE8-A1B6-472D-8476-2E376A94EF00}
		{8B261E3A-1212-43CC-B685-28B96051953A} = {E14A9BE8-A1B6-472D-8476-2E376A94EF00}
	EndGlobalSection
EndGlobal
